
Microsoft Visual Studio Solution File, Format Version 12.00
# Visual Studio Version 17
VisualStudioVersion = 17.14.36221.1 d17.14
MinimumVisualStudioVersion = 10.0.40219.1
Project("{FAE04EC0-301F-11D3-BF4B-00C04F79EFBC}") = "HasteLocalMultiplayerMod", "HasteLocalMultiplayerMod\HasteLocalMultiplayerMod.csproj", "{5DCF3368-A9BF-452C-A4FC-945098F899E6}"
EndProject
Global
	GlobalSection(SolutionConfigurationPlatforms) = preSolution
		Debug|Any CPU = Debug|Any CPU
		Release|Any CPU = Release|Any CPU
	EndGlobalSection
	GlobalSection(ProjectConfigurationPlatforms) = postSolution
		{5DCF3368-A9BF-452C-A4FC-945098F899E6}.Debug|Any CPU.ActiveCfg = Debug|Any CPU
		{5DCF3368-A9BF-452C-A4FC-945098F899E6}.Debug|Any CPU.Build.0 = Debug|Any CPU
		{5DCF3368-A9BF-452C-A4FC-945098F899E6}.Release|Any CPU.ActiveCfg = Release|Any CPU
		{5DCF3368-A9BF-452C-A4FC-945098F899E6}.Release|Any CPU.Build.0 = Release|Any CPU
	EndGlobalSection
	GlobalSection(SolutionProperties) = preSolution
		HideSolutionNode = FALSE
	EndGlobalSection
	GlobalSection(ExtensibilityGlobals) = postSolution
		SolutionGuid = {55C5ACB6-C840-4B3D-BB02-1432CC7B4EB4}
	EndGlobalSection
EndGlobal
